<?xml version="1.0" encoding="utf-8"?>
<Project DefaultTargets="Build" ToolsVersion="4.0" xmlns="http://schemas.microsoft.com/developer/msbuild/2003">
  <ItemGroup>
    <Filter Include="资源文件">
      <UniqueIdentifier>{14fd36bb-252a-45cf-a672-d2193bc0ac6d}</UniqueIdentifier>
      <Extensions>cpp;c;cc;cxx;def;odl;idl;hpj;bat;asm;asmx</Extensions>
    </Filter>
    <Filter Include="include">
      <UniqueIdentifier>{4bd04dbf-f4a6-4411-9c1b-bf94b449327d}</UniqueIdentifier>
      <Extensions>h;hpp;hxx;hm;inl;inc;xsd</Extensions>
    </Filter>
    <Filter Include="项目说明">
      <UniqueIdentifier>{6a1a878e-da85-498d-bdb9-0b049fbc00df}</UniqueIdentifier>
      <Extensions>txt</Extensions>
    </Filter>
    <Filter Include="资源文件\Source Group 1">
      <UniqueIdentifier>{5ecab40c-7f44-43f5-9d02-8960b412e332}</UniqueIdentifier>
    </Filter>
  </ItemGroup>
  <ItemGroup>
    <ClCompile Include="..\example.c">
      <Filter>资源文件\Source Group 1</Filter>
    </ClCompile>
  </ItemGroup>
  <ItemGroup>
    <None Include="..\STARTUP.A51">
      <Filter>资源文件\Source Group 1</Filter>
    </None>
    <None Include="Readme.txt">
      <Filter>资源文件</Filter>
    </None>
  </ItemGroup>
</Project>