Microsoft Visual Studio Solution File, Format Version 12.00
# Visual Studio 15
VisualStudioVersion = 15.0.27703.2018
MinimumVisualStudioVersion = 10.0.40219.1
Project("{8BC9CEB8-8B4A-11D0-8D11-00A0C91BC942}") = "example", "example.vcxproj", "{4F54F3FB-61C9-492A-8487-20A6C8C3A334}"
EndProject
Global
	GlobalSection(SolutionConfigurationPlatforms) = preSolution
		Target 1|Win32 = Target 1|Win32
	EndGlobalSection
	GlobalSection(ProjectConfigurationPlatforms) = postSolution
		{4F54F3FB-61C9-492A-8487-20A6C8C3A334}.Target 1|Win32.ActiveCfg = Target 1|Win32
		{4F54F3FB-61C9-492A-8487-20A6C8C3A334}.Target 1|Win32.Build.0 = Target 1|Win32
	EndGlobalSection
	GlobalSection(SolutionProperties) = preSolution
		HideSolutionNode = FALSE
	EndGlobalSection
	GlobalSection(ExtensibilityGlobals) = postSolution
		SolutionGuid = {BD7F8E42-5CAE-424E-AA9F-7AC0C9815AFD}
	EndGlobalSection
EndGlobal
